{
  "name": "aem-fed-mixins",
  "version": "0.1.0",
  "lockfileVersion": 1,
  "requires": true,
  "dependencies": {
    "aem-fed-mixins": {
      "version": "1.0.8",
      "resolved": "https://registry.npmjs.org/aem-fed-mixins/-/aem-fed-mixins-1.0.8.tgz",
      "integrity": "sha512-Bpd3WYjrIjMFKLAfn5lYHFy4KkqK2BVqyqYHOVf5OGYpyhMNIeyHJLO2TWFOQQFX7p3oqfU8jZbl+rpWG8j/Aw=="
    },
    "express": {
      "version": "4.17.1",
      "resolved": "https://registry.npmjs.org/express/-/express-4.17.1.tgz",
      "integrity": "sha512-mHJ9O79RqluphRrcw2X/GTh3k9tVv8YcoyY4Kkh4WDMUYKRZUq0h1o0w2rrrxBqM7VoeUVqgb27xlEMXTnYt4g==",
      "dependencies": {
        "accepts": {
          "version": "1.3.7",
          "resolved": "https://registry.npmjs.org/accepts/-/accepts-1.3.7.tgz",
          "integrity": "sha512-Il80Qs2WjYlJIBNzNkK6KYqlVMTbZLXgHx2oT0pU/fjRHyEp+PEfEPY0R3WCwAGVOtauxh1hOxNgIf5bv7dQpA=="
        },
        "array-flatten": {
          "version": "1.1.1",
          "resolved": "https://registry.npmjs.org/array-flatten/-/array-flatten-1.1.1.tgz",
          "integrity": "sha1-ml9pkFGx5wczKPKgCJaLZOopVdI="
        },
        "mime-db": {
          "version": "1.43.0",
          "resolved": "https://registry.npmjs.org/mime-db/-/mime-db-1.43.0.tgz",
          "integrity": "sha512-+5dsGEEovYbT8UY9yD7eE4XTc4UwJ1jBYlgaQQF38ENsKR3wj/8q8RFZrF9WIZpB2V1ArTVFUva8sAul1NzRzQ=="
        },
        "mime-types": {
          "version": "2.1.26",
          "resolved": "https://registry.npmjs.org/mime-types/-/mime-types-2.1.26.tgz",
          "integrity": "sha512-01paPWYgLrkqAyrlDorC1uDwl2p3qZT7yl806vW7DvDoxwXi46jsjFbg+WdwotBIk6/MbEhO/dh5aZ5sNj/dWQ=="
        },
        "negotiator": {
          "version": "0.6.2",
          "resolved": "https://registry.npmjs.org/negotiator/-/negotiator-0.6.2.tgz",
          "integrity": "sha512-hZXc7K2e+PgeI1eDBe/10Ard4ekbfrrqG8Ep+8Jmf4JID2bNg7NvCPOZN+kfF574pFQI7mum2AUqDidoKqcTOw=="
        },
        "parseurl": {
          "version": "1.3.3",
          "resolved": "https://registry.npmjs.org/parseurl/-/parseurl-1.3.3.tgz",
          "integrity": "sha512-CiyeOxFT/JZyN5m0z9PfXw4SCBJ6Sygz1Dpl0wqjlhDEGGBP1GnsUVEL0p63hoG1fcj3fHynXi9NYO4nWOL+qQ=="
        },
        "path-to-regexp": {
          "version": "0.1.7",
          "resolved": "https://registry.npmjs.org/path-to-regexp/-/path-to-regexp-0.1.7.tgz",
          "integrity": "sha1-32BBeABfUi8V60SQ5yR6G/qmf4w="
        },
        "qs": {
          "version": "6.7.0",
          "resolved": "https://registry.npmjs.org/qs/-/qs-6.7.0.tgz",
          "integrity": "sha512-VCdBRNFTX1fyE7Nb6FYoURo/SPe62QCaAyzJvUjwRaIsc+NePBEniHlvxFmmX56+HZphIGtV0XeCirBtpDrTyQ=="
        },
        "range-parser": {
          "version": "1.2.1",
          "resolved": "https://registry.npmjs.org/range-parser/-/range-parser-1.2.1.tgz",
          "integrity": "sha512-Hrgsx+orqoygnmhFbKaHE6c296J+HTAQXoxEF6gNupROmmGJRoyzfG3ccAveqCBrwr/2yxQ5BVd/GTl5agOwSg=="
        },
        "setprototypeof": {
          "version": "1.1.1",
          "resolved": "https://registry.npmjs.org/setprototypeof/-/setprototypeof-1.1.1.tgz",
          "integrity": "sha512-JvdAWfbXeIGaZ9cILp38HntZSFSo3mWg6xGcJJsd+d4aRMOqauag1C63dJfDw7OaMYwEbHMOxEZ1lqVRYP2OAw=="
        },
        "statuses": {
          "version": "1.5.0",
          "resolved": "https://registry.npmjs.org/statuses/-/statuses-1.5.0.tgz",
          "integrity": "sha1-Fhx9rBd2Wf2YEfQ3cfqZOBR4Yow="
        }
      }
    },
    "gsap": {
      "version": "3.6.0",
      "resolved": "https://registry.npmjs.org/gsap/-/gsap-3.6.0.tgz",
      "integrity": "sha512-0P3syv1TmYr+A/VZ8UMFzw+s0XoaKSzzDFs8NqkXiJTXI4E/VTi0zRjPgxaPBpiUPPycgRnFjLDe0Tb4dRRf+w=="
    },
    "http-proxy-middleware": {
      "version": "0.20.0",
      "resolved": "https://registry.npmjs.org/http-proxy-middleware/-/http-proxy-middleware-0.20.0.tgz",
      "integrity": "sha512-dNJAk71nEJhPiAczQH9hGvE/MT9kEs+zn2Dh+Hi94PGZe1GluQirC7mw5rdREUtWx6qGS1Gu0bZd4qEAg+REgw==",
      "dependencies": {
        "braces": {
          "version": "3.0.2",
          "resolved": "https://registry.npmjs.org/braces/-/braces-3.0.2.tgz",
          "integrity": "sha512-b8um+L1RzM3WDSzvhm6gIz1yfTbBt6YTlcEKAvsmqCZZFw46z626lVj9j1yEPW33H5H+lBQpZMP1k8l+78Ha0A=="
        },
        "fill-range": {
          "version": "7.0.1",
          "resolved": "https://registry.npmjs.org/fill-range/-/fill-range-7.0.1.tgz",
          "integrity": "sha512-qOo9F+dMUmC2Lcb4BbVvnKJxTPjCm+RRpe4gDuGrzkL7mEVl/djYSu2OdQ2Pa302N4oqkSg9ir6jaLWJ2USVpQ=="
        },
        "is-extglob": {
          "version": "2.1.1",
          "resolved": "https://registry.npmjs.org/is-extglob/-/is-extglob-2.1.1.tgz",
          "integrity": "sha1-qIwCU1eR8C7TfHahueqXc8gz+MI="
        },
        "is-glob": {
          "version": "4.0.1",
          "resolved": "https://registry.npmjs.org/is-glob/-/is-glob-4.0.1.tgz",
          "integrity": "sha512-5G0tKtBTFImOqDnLB2hG6Bp2qcKEFduo4tZu9MT/H6NQv/ghhy30o55ufafxJ/LdH79LLs2Kfrn85TLKyA7BUg=="
        },
        "is-number": {
          "version": "7.0.0",
          "resolved": "https://registry.npmjs.org/is-number/-/is-number-7.0.0.tgz",
          "integrity": "sha512-41Cifkg6e8TylSpdtTpeLVMqvSBEVzTttHvERD741+pnZ8ANv0004MRL43QKPDlK9cGvNp6NZWZUBlbGXYxxng=="
        },
        "lodash": {
          "version": "4.17.15",
          "resolved": "https://registry.npmjs.org/lodash/-/lodash-4.17.15.tgz",
          "integrity": "sha512-8xOcRHvCjnocdS5cpwXQXVzmmh5e5+saE2QGoeQmbKmRS6J3VQppPOIt0MnmE+4xlZoumy0GPG0D0MVIQbNA1A=="
        },
        "micromatch": {
          "version": "4.0.2",
          "resolved": "https://registry.npmjs.org/micromatch/-/micromatch-4.0.2.tgz",
          "integrity": "sha512-y7FpHSbMUMoyPbYUSzO6PaZ6FyRnQOpHuKwbo1G+Knck95XVU4QAiKdGEnj5wwoS7PlOgthX/09u5iFJ+aYf5Q=="
        },
        "to-regex-range": {
          "version": "5.0.1",
          "resolved": "https://registry.npmjs.org/to-regex-range/-/to-regex-range-5.0.1.tgz",
          "integrity": "sha512-65P7iz6X5yEr1cwcgvQxbbIw7Uk3gOy5dIdtZ4rDveLqhrdJP+Li/Hx6tyK0NEb+2GCyneCMJiGqrADCSNk8sQ=="
        }
      }
    },
    "node-sass-chokidar": {
      "version": "1.3.0",
      "resolved": "https://registry.npmjs.org/node-sass-chokidar/-/node-sass-chokidar-1.3.0.tgz",
      "integrity": "sha512-g8n2RUSo3nBSmqo6ShD2uyDjuN7X81YyuJO253VDw7bkL84TQ4DEO0MpD7gpsWMUL44avQigHgOL+peLD8Uwuw=="
    },
    "npm-run-all": {
      "version": "4.1.3",
      "resolved": "https://registry.npmjs.org/npm-run-all/-/npm-run-all-4.1.3.tgz",
      "integrity": "sha512-aOG0N3Eo/WW+q6sUIdzcV2COS8VnTZCmdji0VQIAZF3b+a3YWb0AD0vFIyjKec18A7beLGbaQ5jFTNI2bPt9Cg==",
      "dependencies": {
        "chalk": {
          "version": "2.4.1",
          "resolved": "https://registry.npmjs.org/chalk/-/chalk-2.4.1.tgz",
          "integrity": "sha512-ObN6h1v2fTJSmUXoS3nMQ92LbDK9be4TV+6G+omQlGJFdcUX5heKi1LZ1YnRMIgwTLEj3E24bT6tYni50rlCfQ=="
        },
        "cross-spawn": {
          "version": "6.0.5",
          "resolved": "https://registry.npmjs.org/cross-spawn/-/cross-spawn-6.0.5.tgz",
          "integrity": "sha512-eTVLrBSt7fjbDygz805pMnstIs2VTBNkRm0qxZd+M7A5XDdxVRWO5MxGBXZhjY4cqLYLdtrGqRf8mBPmzwSpWQ=="
        },
        "load-json-file": {
          "version": "4.0.0",
          "resolved": "https://registry.npmjs.org/load-json-file/-/load-json-file-4.0.0.tgz",
          "integrity": "sha1-L19Fq5HjMhYjT9U62rZo607AmTs="
        },
        "parse-json": {
          "version": "4.0.0",
          "resolved": "https://registry.npmjs.org/parse-json/-/parse-json-4.0.0.tgz",
          "integrity": "sha1-vjX1Qlvh9/bHRxhPmKeIy5lHfuA="
        },
        "path-type": {
          "version": "3.0.0",
          "resolved": "https://registry.npmjs.org/path-type/-/path-type-3.0.0.tgz",
          "integrity": "sha512-T2ZUsdZFHgA3u4e5PfPbjd7HDDpxPnQb5jN0SrDsjNSuVXHJqtwTnWqG0B1jZrgmJ/7lj1EmVIByWt1gxGkWvg=="
        },
        "pify": {
          "version": "3.0.0",
          "resolved": "https://registry.npmjs.org/pify/-/pify-3.0.0.tgz",
          "integrity": "sha1-5aSs0sEB/fPZpNB/DbxNtJ3SgXY="
        },
        "read-pkg": {
          "version": "3.0.0",
          "resolved": "https://registry.npmjs.org/read-pkg/-/read-pkg-3.0.0.tgz",
          "integrity": "sha1-nLxoaXj+5l0WwA4rGcI3/Pbjg4k="
        }
      }
    },
    "react": {
      "version": "16.4.0",
      "resolved": "https://registry.npmjs.org/react/-/react-16.4.0.tgz",
      "integrity": "sha512-K0UrkLXSAekf5nJu89obKUM7o2vc6MMN9LYoKnCa+c+8MJRAT120xzPLENcWSRc7GYKIg0LlgJRDorrufdglQQ=="
    },
    "react-dom": {
      "version": "16.4.0",
      "resolved": "https://registry.npmjs.org/react-dom/-/react-dom-16.4.0.tgz",
      "integrity": "sha512-bbLd+HYpBEnYoNyxDe9XpSG2t9wypMohwQPvKw8Hov3nF7SJiJIgK56b46zHpBUpHb06a1iEuw7G3rbrsnNL6w=="
    },
    "react-router-dom": {
      "version": "4.4.0-alpha.0",
      "resolved": "https://registry.npmjs.org/react-router-dom/-/react-router-dom-4.4.0-alpha.0.tgz",
      "integrity": "sha1-NV8Fj+UI8qgOvpcW7Wxy5ZRdPp8="
    },
    "react-scripts": {
      "version": "1.1.4",
      "resolved": "https://registry.npmjs.org/react-scripts/-/react-scripts-1.1.4.tgz",
      "integrity": "sha512-UVZIujEIT9BGbx+NGvyfS92eOrNIIpqqFi1FP7a0O9l94A/XV7bhPk70SfDKaXZouCX81tFdXo0948DjhCEgGw==",
      "dependencies": {
        "babel-core": {
          "version": "6.26.0",
          "resolved": "https://registry.npmjs.org/babel-core/-/babel-core-6.26.0.tgz",
          "integrity": "sha1-rzL3izGm/O8RnIew/Y2XU/A6C7g="
        },
        "babel-loader": {
          "version": "7.1.2",
          "resolved": "http://registry.npmjs.org/babel-loader/-/babel-loader-7.1.2.tgz",
          "integrity": "sha1-9svhInEPGqKvTYgcbVtUNYyiQSY="
        }
      }
    }
  }
}
